{
  "name": "forgo-router",
  "version": "1.0.8",
  "lockfileVersion": 2,
  "requires": true,
  "packages": {
    "": {
      "version": "1.0.8",
      "license": "MIT",
      "dependencies": {
        "forgo": "^1.1.4"
      }
    },
    "node_modules/forgo": {
      "version": "1.1.4",
      "resolved": "https://registry.npmjs.org/forgo/-/forgo-1.1.4.tgz",
      "integrity": "sha512-vsUWLW0/wZ1Qvdu3PayjRw/PEhdVETy/GvSM0qrF7MO0BMjtyDln/FnRlgTLLC7eBq86NfImn4rDi1CiyAeD0Q=="
    }
  },
  "dependencies": {
    "forgo": {
      "version": "1.1.4",
      "resolved": "https://registry.npmjs.org/forgo/-/forgo-1.1.4.tgz",
      "integrity": "sha512-vsUWLW0/wZ1Qvdu3PayjRw/PEhdVETy/GvSM0qrF7MO0BMjtyDln/FnRlgTLLC7eBq86NfImn4rDi1CiyAeD0Q=="
    }
  }
}
