{
  "name": "forgo-router",
  "version": "1.0.14",
  "lockfileVersion": 2,
  "requires": true,
  "packages": {
    "": {
      "version": "1.0.14",
      "license": "MIT",
      "dependencies": {
        "forgo": "^1.2.3"
      }
    },
    "node_modules/forgo": {
      "version": "1.2.3",
      "resolved": "https://registry.npmjs.org/forgo/-/forgo-1.2.3.tgz",
      "integrity": "sha512-0zi+P5uSbTLLL4LAlEHEnjmy6aMxHNFphD7C5hrFoIiZXMxCvE7wRCO0WRlWM0m1sdAMfustJ/86hElsYxrp6A=="
    }
  },
  "dependencies": {
    "forgo": {
      "version": "1.2.3",
      "resolved": "https://registry.npmjs.org/forgo/-/forgo-1.2.3.tgz",
      "integrity": "sha512-0zi+P5uSbTLLL4LAlEHEnjmy6aMxHNFphD7C5hrFoIiZXMxCvE7wRCO0WRlWM0m1sdAMfustJ/86hElsYxrp6A=="
    }
  }
}
