{
  "name": "forgo-router",
  "version": "0.0.71",
  "lockfileVersion": 2,
  "requires": true,
  "packages": {
    "": {
      "version": "0.0.71",
      "license": "MIT",
      "dependencies": {
        "forgo": "^0.0.71"
      }
    },
    "node_modules/forgo": {
      "version": "0.0.71",
      "resolved": "https://registry.npmjs.org/forgo/-/forgo-0.0.71.tgz",
      "integrity": "sha512-9zrcALjy1KLTegXiw1/LkibEGnU2woubq3f8hY9NZEKVAvTYMHumZ8X19s6gmWruiuJYX0O91YAndIF/FDYdhQ=="
    }
  },
  "dependencies": {
    "forgo": {
      "version": "0.0.71",
      "resolved": "https://registry.npmjs.org/forgo/-/forgo-0.0.71.tgz",
      "integrity": "sha512-9zrcALjy1KLTegXiw1/LkibEGnU2woubq3f8hY9NZEKVAvTYMHumZ8X19s6gmWruiuJYX0O91YAndIF/FDYdhQ=="
    }
  }
}
